
Microsoft Visual Studio Solution File, Format Version 12.00
# Visual Studio Version 17
VisualStudioVersion = 17.0.31612.314
MinimumVisualStudioVersion = 10.0.40219.1
Project("{FAE04EC0-301F-11D3-BF4B-00C04F79EFBC}") = "ArrayComparison", "ArrayComparison\ArrayComparison.csproj", "{2D6F8187-D5AE-437B-AE73-A2E7F6E11444}"
EndProject
Global
	GlobalSection(SolutionConfigurationPlatforms) = preSolution
		Debug|Any CPU = Debug|Any CPU
		Release|Any CPU = Release|Any CPU
	EndGlobalSection
	GlobalSection(ProjectConfigurationPlatforms) = postSolution
		{2D6F8187-D5AE-437B-AE73-A2E7F6E11444}.Debug|Any CPU.ActiveCfg = Debug|Any CPU
		{2D6F8187-D5AE-437B-AE73-A2E7F6E11444}.Debug|Any CPU.Build.0 = Debug|Any CPU
		{2D6F8187-D5AE-437B-AE73-A2E7F6E11444}.Release|Any CPU.ActiveCfg = Release|Any CPU
		{2D6F8187-D5AE-437B-AE73-A2E7F6E11444}.Release|Any CPU.Build.0 = Release|Any CPU
	EndGlobalSection
	GlobalSection(SolutionProperties) = preSolution
		HideSolutionNode = FALSE
	EndGlobalSection
	GlobalSection(ExtensibilityGlobals) = postSolution
		SolutionGuid = {8F00A201-BBE9-4087-BCD8-5C40FB6BF2DB}
	EndGlobalSection
EndGlobal
